
Microsoft Visual Studio Solution File, Format Version 12.00
# Visual Studio Version 17
VisualStudioVersion = 17.5.33530.505
MinimumVisualStudioVersion = 10.0.40219.1
Project("{8BC9CEB8-8B4A-11D0-8D11-00A0C91BC942}") = "MT3_00_03", "MT3_00_03.vcxproj", "{7FD7CD18-8B87-49D7-AEC8-9C129A86D027}"
EndProject
Global
	GlobalSection(SolutionConfigurationPlatforms) = preSolution
		Debug|x64 = Debug|x64
		Release|x64 = Release|x64
	EndGlobalSection
	GlobalSection(ProjectConfigurationPlatforms) = postSolution
		{7FD7CD18-8B87-49D7-AEC8-9C129A86D027}.Debug|x64.ActiveCfg = Debug|x64
		{7FD7CD18-8B87-49D7-AEC8-9C129A86D027}.Debug|x64.Build.0 = Debug|x64
		{7FD7CD18-8B87-49D7-AEC8-9C129A86D027}.Release|x64.ActiveCfg = Release|x64
		{7FD7CD18-8B87-49D7-AEC8-9C129A86D027}.Release|x64.Build.0 = Release|x64
	EndGlobalSection
	GlobalSection(SolutionProperties) = preSolution
		HideSolutionNode = FALSE
	EndGlobalSection
	GlobalSection(ExtensibilityGlobals) = postSolution
		SolutionGuid = {10E08ABA-9344-4B8F-836B-34770A42384D}
	EndGlobalSection
EndGlobal
